
Microsoft Visual Studio Solution File, Format Version 12.00
# Visual Studio Version 16
VisualStudioVersion = 16.0.30523.141
MinimumVisualStudioVersion = 10.0.40219.1
Project("{FAE04EC0-301F-11D3-BF4B-00C04F79EFBC}") = "Свойства", "Свойства\Свойства.csproj", "{5CBB2FCF-A733-4B49-8820-E28832D441F7}"
EndProject
Global
	GlobalSection(SolutionConfigurationPlatforms) = preSolution
		Debug|Any CPU = Debug|Any CPU
		Release|Any CPU = Release|Any CPU
	EndGlobalSection
	GlobalSection(ProjectConfigurationPlatforms) = postSolution
		{5CBB2FCF-A733-4B49-8820-E28832D441F7}.Debug|Any CPU.ActiveCfg = Debug|Any CPU
		{5CBB2FCF-A733-4B49-8820-E28832D441F7}.Debug|Any CPU.Build.0 = Debug|Any CPU
		{5CBB2FCF-A733-4B49-8820-E28832D441F7}.Release|Any CPU.ActiveCfg = Release|Any CPU
		{5CBB2FCF-A733-4B49-8820-E28832D441F7}.Release|Any CPU.Build.0 = Release|Any CPU
	EndGlobalSection
	GlobalSection(SolutionProperties) = preSolution
		HideSolutionNode = FALSE
	EndGlobalSection
	GlobalSection(ExtensibilityGlobals) = postSolution
		SolutionGuid = {C94434EC-1F22-48C7-BBFA-FBA71C09A26D}
	EndGlobalSection
EndGlobal
