
Microsoft Visual Studio Solution File, Format Version 12.00
# Visual Studio Version 16
VisualStudioVersion = 16.0.30011.22
MinimumVisualStudioVersion = 10.0.40219.1
Project("{FAE04EC0-301F-11D3-BF4B-00C04F79EFBC}") = "parse_exc", "parse_exc\parse_exc.csproj", "{C7BFC046-B0C4-4584-893F-7C28DC57A354}"
EndProject
Global
	GlobalSection(SolutionConfigurationPlatforms) = preSolution
		Debug|Any CPU = Debug|Any CPU
		Release|Any CPU = Release|Any CPU
	EndGlobalSection
	GlobalSection(ProjectConfigurationPlatforms) = postSolution
		{C7BFC046-B0C4-4584-893F-7C28DC57A354}.Debug|Any CPU.ActiveCfg = Debug|Any CPU
		{C7BFC046-B0C4-4584-893F-7C28DC57A354}.Debug|Any CPU.Build.0 = Debug|Any CPU
		{C7BFC046-B0C4-4584-893F-7C28DC57A354}.Release|Any CPU.ActiveCfg = Release|Any CPU
		{C7BFC046-B0C4-4584-893F-7C28DC57A354}.Release|Any CPU.Build.0 = Release|Any CPU
	EndGlobalSection
	GlobalSection(SolutionProperties) = preSolution
		HideSolutionNode = FALSE
	EndGlobalSection
	GlobalSection(ExtensibilityGlobals) = postSolution
		SolutionGuid = {B7BFBDB1-9FDF-4E2B-8BEF-9500E76D920B}
	EndGlobalSection
EndGlobal
